
Microsoft Visual Studio Solution File, Format Version 12.00
# Visual Studio Version 16
VisualStudioVersion = 16.0.29519.87
MinimumVisualStudioVersion = 10.0.40219.1
Project("{FAE04EC0-301F-11D3-BF4B-00C04F79EFBC}") = "BlacksmithWorkshopView", "BlacksmithWorkshopView\BlacksmithWorkshopView.csproj", "{18EC58F3-9D04-49A1-9877-42248AFA9F6D}"
EndProject
Project("{9A19103F-16F7-4668-BE54-9A1E7A4F7556}") = "BlacksmithWorkshopBusinessLogic", "BlacksmithWorkshopBusinessLogic\BlacksmithWorkshopBusinessLogic.csproj", "{CBCD9D7C-4C52-4BF8-8B2E-D6635939BDF7}"
EndProject
Project("{9A19103F-16F7-4668-BE54-9A1E7A4F7556}") = "BlacksmithWorkshopListImplements", "BlacksmithWorkshopListImplements\BlacksmithWorkshopListImplements.csproj", "{ACBADD42-74CD-48B4-856E-51866875306C}"
EndProject
Project("{9A19103F-16F7-4668-BE54-9A1E7A4F7556}") = "BlacksmithWorkshopFileImplements", "BlacksmithWorkshopFileImplements\BlacksmithWorkshopFileImplements.csproj", "{9B790000-A18B-4800-AB60-10712DD0E055}"
EndProject
Project("{FAE04EC0-301F-11D3-BF4B-00C04F79EFBC}") = "BlacksmithWorkshopDatabaseImplement", "BlacksmithWorkshopDatabaseImplement\BlacksmithWorkshopDatabaseImplement.csproj", "{EFA656D1-431F-4D6A-9F39-FD6102372BF4}"
EndProject
Global
	GlobalSection(SolutionConfigurationPlatforms) = preSolution
		Debug|Any CPU = Debug|Any CPU
		Release|Any CPU = Release|Any CPU
	EndGlobalSection
	GlobalSection(ProjectConfigurationPlatforms) = postSolution
		{18EC58F3-9D04-49A1-9877-42248AFA9F6D}.Debug|Any CPU.ActiveCfg = Debug|Any CPU
		{18EC58F3-9D04-49A1-9877-42248AFA9F6D}.Debug|Any CPU.Build.0 = Debug|Any CPU
		{18EC58F3-9D04-49A1-9877-42248AFA9F6D}.Release|Any CPU.ActiveCfg = Release|Any CPU
		{18EC58F3-9D04-49A1-9877-42248AFA9F6D}.Release|Any CPU.Build.0 = Release|Any CPU
		{CBCD9D7C-4C52-4BF8-8B2E-D6635939BDF7}.Debug|Any CPU.ActiveCfg = Debug|Any CPU
		{CBCD9D7C-4C52-4BF8-8B2E-D6635939BDF7}.Debug|Any CPU.Build.0 = Debug|Any CPU
		{CBCD9D7C-4C52-4BF8-8B2E-D6635939BDF7}.Release|Any CPU.ActiveCfg = Release|Any CPU
		{CBCD9D7C-4C52-4BF8-8B2E-D6635939BDF7}.Release|Any CPU.Build.0 = Release|Any CPU
		{ACBADD42-74CD-48B4-856E-51866875306C}.Debug|Any CPU.ActiveCfg = Debug|Any CPU
		{ACBADD42-74CD-48B4-856E-51866875306C}.Debug|Any CPU.Build.0 = Debug|Any CPU
		{ACBADD42-74CD-48B4-856E-51866875306C}.Release|Any CPU.ActiveCfg = Release|Any CPU
		{ACBADD42-74CD-48B4-856E-51866875306C}.Release|Any CPU.Build.0 = Release|Any CPU
		{9B790000-A18B-4800-AB60-10712DD0E055}.Debug|Any CPU.ActiveCfg = Debug|Any CPU
		{9B790000-A18B-4800-AB60-10712DD0E055}.Debug|Any CPU.Build.0 = Debug|Any CPU
		{9B790000-A18B-4800-AB60-10712DD0E055}.Release|Any CPU.ActiveCfg = Release|Any CPU
		{9B790000-A18B-4800-AB60-10712DD0E055}.Release|Any CPU.Build.0 = Release|Any CPU
		{EFA656D1-431F-4D6A-9F39-FD6102372BF4}.Debug|Any CPU.ActiveCfg = Debug|Any CPU
		{EFA656D1-431F-4D6A-9F39-FD6102372BF4}.Debug|Any CPU.Build.0 = Debug|Any CPU
		{EFA656D1-431F-4D6A-9F39-FD6102372BF4}.Release|Any CPU.ActiveCfg = Release|Any CPU
		{EFA656D1-431F-4D6A-9F39-FD6102372BF4}.Release|Any CPU.Build.0 = Release|Any CPU
	EndGlobalSection
	GlobalSection(SolutionProperties) = preSolution
		HideSolutionNode = FALSE
	EndGlobalSection
	GlobalSection(ExtensibilityGlobals) = postSolution
		SolutionGuid = {253CEA14-8E11-42E9-90C2-020FC54CF33F}
	EndGlobalSection
EndGlobal
